// !$*UTF8*$!
{
	archiveVersion = 1;
	classes = {
	};
	objectVersion = 48;
	objects = {

/* Begin PBXBuildFile section */
		BF1786DF1F9733B600FF54C5 /* AppDelegate.m in Sources */ = {isa = PBXBuildFile; fileRef = BF1786DE1F9733B600FF54C5 /* AppDelegate.m */; };
		BF1786E21F9733B600FF54C5 /* ViewController.m in Sources */ = {isa = PBXBuildFile; fileRef = BF1786E11F9733B600FF54C5 /* ViewController.m */; };
		BF1786E51F9733B600FF54C5 /* Main.storyboard in Resources */ = {isa = PBXBuildFile; fileRef = BF1786E31F9733B600FF54C5 /* Main.storyboard */; };
		BF1786E71F9733B600FF54C5 /* Assets.xcassets in Resources */ = {isa = PBXBuildFile; fileRef = BF1786E61F9733B600FF54C5 /* Assets.xcassets */; };
		BF1786EA1F9733B600FF54C5 /* LaunchScreen.storyboard in Resources */ = {isa = PBXBuildFile; fileRef = BF1786E81F9733B600FF54C5 /* LaunchScreen.storyboard */; };
		BF1786ED1F9733B600FF54C5 /* main.m in Sources */ = {isa = PBXBuildFile; fileRef = BF1786EC1F9733B600FF54C5 /* main.m */; };
		BF1786F41F973A3600FF54C5 /* images.xcassets in Resources */ = {isa = PBXBuildFile; fileRef = BF1786F31F973A3600FF54C5 /* images.xcassets */; };
		BF1786F71F9743EC00FF54C5 /* ViewControllerOne.m in Sources */ = {isa = PBXBuildFile; fileRef = BF1786F61F9743EC00FF54C5 /* ViewControllerOne.m */; };
		BF218BBF1F998004009A42B2 /* TableViewCell.m in Sources */ = {isa = PBXBuildFile; fileRef = BF218BBD1F998004009A42B2 /* TableViewCell.m */; };
		BF218BC01F998004009A42B2 /* TableViewCell.xib in Resources */ = {isa = PBXBuildFile; fileRef = BF218BBE1F998004009A42B2 /* TableViewCell.xib */; };
		BF218BC41F9980AB009A42B2 /* Mode.m in Sources */ = {isa = PBXBuildFile; fileRef = BF218BC31F9980AB009A42B2 /* Mode.m */; };
		BF218BC91F99DE3A009A42B2 /* TestXibViewController.m in Sources */ = {isa = PBXBuildFile; fileRef = BF218BC71F99DE3A009A42B2 /* TestXibViewController.m */; };
		BF218BCA1F99DE3A009A42B2 /* TestXibViewController.xib in Resources */ = {isa = PBXBuildFile; fileRef = BF218BC81F99DE3A009A42B2 /* TestXibViewController.xib */; };
		BF4A48E41F9761D5005377F1 /* ItemViewControllerTwo.m in Sources */ = {isa = PBXBuildFile; fileRef = BF4A48E31F9761D5005377F1 /* ItemViewControllerTwo.m */; };
		BF4A48E71F9875D7005377F1 /* ViewControllerThree.m in Sources */ = {isa = PBXBuildFile; fileRef = BF4A48E61F9875D7005377F1 /* ViewControllerThree.m */; };
/* End PBXBuildFile section */

/* Begin PBXFileReference section */
		BF1786DA1F9733B600FF54C5 /* iOS11AdaptDemo.app */ = {isa = PBXFileReference; explicitFileType = wrapper.application; includeInIndex = 0; path = iOS11AdaptDemo.app; sourceTree = BUILT_PRODUCTS_DIR; };
		BF1786DD1F9733B600FF54C5 /* AppDelegate.h */ = {isa = PBXFileReference; lastKnownFileType = sourcecode.c.h; path = AppDelegate.h; sourceTree = "<group>"; };
		BF1786DE1F9733B600FF54C5 /* AppDelegate.m */ = {isa = PBXFileReference; lastKnownFileType = sourcecode.c.objc; path = AppDelegate.m; sourceTree = "<group>"; };
		BF1786E01F9733B600FF54C5 /* ViewController.h */ = {isa = PBXFileReference; lastKnownFileType = sourcecode.c.h; path = ViewController.h; sourceTree = "<group>"; };
		BF1786E11F9733B600FF54C5 /* ViewController.m */ = {isa = PBXFileReference; lastKnownFileType = sourcecode.c.objc; path = ViewController.m; sourceTree = "<group>"; };
		BF1786E41F9733B600FF54C5 /* Base */ = {isa = PBXFileReference; lastKnownFileType = file.storyboard; name = Base; path = Base.lproj/Main.storyboard; sourceTree = "<group>"; };
		BF1786E61F9733B600FF54C5 /* Assets.xcassets */ = {isa = PBXFileReference; lastKnownFileType = folder.assetcatalog; path = Assets.xcassets; sourceTree = "<group>"; };
		BF1786E91F9733B600FF54C5 /* Base */ = {isa = PBXFileReference; lastKnownFileType = file.storyboard; name = Base; path = Base.lproj/LaunchScreen.storyboard; sourceTree = "<group>"; };
		BF1786EB1F9733B600FF54C5 /* Info.plist */ = {isa = PBXFileReference; lastKnownFileType = text.plist.xml; path = Info.plist; sourceTree = "<group>"; };
		BF1786EC1F9733B600FF54C5 /* main.m */ = {isa = PBXFileReference; lastKnownFileType = sourcecode.c.objc; path = main.m; sourceTree = "<group>"; };
		BF1786F31F973A3600FF54C5 /* images.xcassets */ = {isa = PBXFileReference; lastKnownFileType = folder.assetcatalog; path = images.xcassets; sourceTree = "<group>"; };
		BF1786F51F9743EC00FF54C5 /* ViewControllerOne.h */ = {isa = PBXFileReference; lastKnownFileType = sourcecode.c.h; path = ViewControllerOne.h; sourceTree = "<group>"; };
		BF1786F61F9743EC00FF54C5 /* ViewControllerOne.m */ = {isa = PBXFileReference; lastKnownFileType = sourcecode.c.objc; path = ViewControllerOne.m; sourceTree = "<group>"; };
		BF218BBC1F998004009A42B2 /* TableViewCell.h */ = {isa = PBXFileReference; lastKnownFileType = sourcecode.c.h; path = TableViewCell.h; sourceTree = "<group>"; };
		BF218BBD1F998004009A42B2 /* TableViewCell.m */ = {isa = PBXFileReference; lastKnownFileType = sourcecode.c.objc; path = TableViewCell.m; sourceTree = "<group>"; };
		BF218BBE1F998004009A42B2 /* TableViewCell.xib */ = {isa = PBXFileReference; lastKnownFileType = file.xib; path = TableViewCell.xib; sourceTree = "<group>"; };
		BF218BC21F9980AB009A42B2 /* Mode.h */ = {isa = PBXFileReference; lastKnownFileType = sourcecode.c.h; path = Mode.h; sourceTree = "<group>"; };
		BF218BC31F9980AB009A42B2 /* Mode.m */ = {isa = PBXFileReference; lastKnownFileType = sourcecode.c.objc; path = Mode.m; sourceTree = "<group>"; };
		BF218BC61F99DE3A009A42B2 /* TestXibViewController.h */ = {isa = PBXFileReference; lastKnownFileType = sourcecode.c.h; path = TestXibViewController.h; sourceTree = "<group>"; };
		BF218BC71F99DE3A009A42B2 /* TestXibViewController.m */ = {isa = PBXFileReference; lastKnownFileType = sourcecode.c.objc; path = TestXibViewController.m; sourceTree = "<group>"; };
		BF218BC81F99DE3A009A42B2 /* TestXibViewController.xib */ = {isa = PBXFileReference; lastKnownFileType = file.xib; path = TestXibViewController.xib; sourceTree = "<group>"; };
		BF4A48E21F9761D5005377F1 /* ItemViewControllerTwo.h */ = {isa = PBXFileReference; lastKnownFileType = sourcecode.c.h; path = ItemViewControllerTwo.h; sourceTree = "<group>"; };
		BF4A48E31F9761D5005377F1 /* ItemViewControllerTwo.m */ = {isa = PBXFileReference; lastKnownFileType = sourcecode.c.objc; path = ItemViewControllerTwo.m; sourceTree = "<group>"; };
		BF4A48E51F9875D7005377F1 /* ViewControllerThree.h */ = {isa = PBXFileReference; lastKnownFileType = sourcecode.c.h; path = ViewControllerThree.h; sourceTree = "<group>"; };
		BF4A48E61F9875D7005377F1 /* ViewControllerThree.m */ = {isa = PBXFileReference; lastKnownFileType = sourcecode.c.objc; path = ViewControllerThree.m; sourceTree = "<group>"; };
/* End PBXFileReference section */

/* Begin PBXFrameworksBuildPhase section */
		BF1786D71F9733B600FF54C5 /* Frameworks */ = {
			isa = PBXFrameworksBuildPhase;
			buildActionMask = 2147483647;
			files = (
			);
			runOnlyForDeploymentPostprocessing = 0;
		};
/* End PBXFrameworksBuildPhase section */

/* Begin PBXGroup section */
		BF1786D11F9733B500FF54C5 = {
			isa = PBXGroup;
			children = (
				BF1786DC1F9733B600FF54C5 /* iOS11AdaptDemo */,
				BF1786DB1F9733B600FF54C5 /* Products */,
			);
			sourceTree = "<group>";
		};
		BF1786DB1F9733B600FF54C5 /* Products */ = {
			isa = PBXGroup;
			children = (
				BF1786DA1F9733B600FF54C5 /* iOS11AdaptDemo.app */,
			);
			name = Products;
			sourceTree = "<group>";
		};
		BF1786DC1F9733B600FF54C5 /* iOS11AdaptDemo */ = {
			isa = PBXGroup;
			children = (
				BF1786DD1F9733B600FF54C5 /* AppDelegate.h */,
				BF1786DE1F9733B600FF54C5 /* AppDelegate.m */,
				BF1786E01F9733B600FF54C5 /* ViewController.h */,
				BF1786E11F9733B600FF54C5 /* ViewController.m */,
				BF1786F51F9743EC00FF54C5 /* ViewControllerOne.h */,
				BF1786F61F9743EC00FF54C5 /* ViewControllerOne.m */,
				BF4A48E51F9875D7005377F1 /* ViewControllerThree.h */,
				BF4A48E61F9875D7005377F1 /* ViewControllerThree.m */,
				BF4A48E21F9761D5005377F1 /* ItemViewControllerTwo.h */,
				BF4A48E31F9761D5005377F1 /* ItemViewControllerTwo.m */,
				BF218BC61F99DE3A009A42B2 /* TestXibViewController.h */,
				BF218BC71F99DE3A009A42B2 /* TestXibViewController.m */,
				BF218BC81F99DE3A009A42B2 /* TestXibViewController.xib */,
				BF218BC51F9980B2009A42B2 /* Modes */,
				BF218BC11F99802C009A42B2 /* Views */,
				BF1786E31F9733B600FF54C5 /* Main.storyboard */,
				BF1786F31F973A3600FF54C5 /* images.xcassets */,
				BF1786E61F9733B600FF54C5 /* Assets.xcassets */,
				BF1786E81F9733B600FF54C5 /* LaunchScreen.storyboard */,
				BF1786EB1F9733B600FF54C5 /* Info.plist */,
				BF1786EC1F9733B600FF54C5 /* main.m */,
			);
			path = iOS11AdaptDemo;
			sourceTree = "<group>";
		};
		BF218BC11F99802C009A42B2 /* Views */ = {
			isa = PBXGroup;
			children = (
				BF218BBC1F998004009A42B2 /* TableViewCell.h */,
				BF218BBD1F998004009A42B2 /* TableViewCell.m */,
				BF218BBE1F998004009A42B2 /* TableViewCell.xib */,
			);
			path = Views;
			sourceTree = "<group>";
		};
		BF218BC51F9980B2009A42B2 /* Modes */ = {
			isa = PBXGroup;
			children = (
				BF218BC21F9980AB009A42B2 /* Mode.h */,
				BF218BC31F9980AB009A42B2 /* Mode.m */,
			);
			path = Modes;
			sourceTree = "<group>";
		};
/* End PBXGroup section */

/* Begin PBXNativeTarget section */
		BF1786D91F9733B600FF54C5 /* iOS11AdaptDemo */ = {
			isa = PBXNativeTarget;
			buildConfigurationList = BF1786F01F9733B600FF54C5 /* Build configuration list for PBXNativeTarget "iOS11AdaptDemo" */;
			buildPhases = (
				BF1786D61F9733B600FF54C5 /* Sources */,
				BF1786D71F9733B600FF54C5 /* Frameworks */,
				BF1786D81F9733B600FF54C5 /* Resources */,
			);
			buildRules = (
			);
			dependencies = (
			);
			name = iOS11AdaptDemo;
			productName = iOS11AdaptDemo;
			productReference = BF1786DA1F9733B600FF54C5 /* iOS11AdaptDemo.app */;
			productType = "com.apple.product-type.application";
		};
/* End PBXNativeTarget section */

/* Begin PBXProject section */
		BF1786D21F9733B500FF54C5 /* Project object */ = {
			isa = PBXProject;
			attributes = {
				LastUpgradeCheck = 0900;
				ORGANIZATIONNAME = DeLongYang;
				TargetAttributes = {
					BF1786D91F9733B600FF54C5 = {
						CreatedOnToolsVersion = 9.0;
						ProvisioningStyle = Automatic;
					};
				};
			};
			buildConfigurationList = BF1786D51F9733B500FF54C5 /* Build configuration list for PBXProject "iOS11AdaptDemo" */;
			compatibilityVersion = "Xcode 8.0";
			developmentRegion = en;
			hasScannedForEncodings = 0;
			knownRegions = (
				en,
				Base,
			);
			mainGroup = BF1786D11F9733B500FF54C5;
			productRefGroup = BF1786DB1F9733B600FF54C5 /* Products */;
			projectDirPath = "";
			projectRoot = "";
			targets = (
				BF1786D91F9733B600FF54C5 /* iOS11AdaptDemo */,
			);
		};
/* End PBXProject section */

/* Begin PBXResourcesBuildPhase section */
		BF1786D81F9733B600FF54C5 /* Resources */ = {
			isa = PBXResourcesBuildPhase;
			buildActionMask = 2147483647;
			files = (
				BF1786EA1F9733B600FF54C5 /* LaunchScreen.storyboard in Resources */,
				BF218BC01F998004009A42B2 /* TableViewCell.xib in Resources */,
				BF218BCA1F99DE3A009A42B2 /* TestXibViewController.xib in Resources */,
				BF1786F41F973A3600FF54C5 /* images.xcassets in Resources */,
				BF1786E71F9733B600FF54C5 /* Assets.xcassets in Resources */,
				BF1786E51F9733B600FF54C5 /* Main.storyboard in Resources */,
			);
			runOnlyForDeploymentPostprocessing = 0;
		};
/* End PBXResourcesBuildPhase section */

/* Begin PBXSourcesBuildPhase section */
		BF1786D61F9733B600FF54C5 /* Sources */ = {
			isa = PBXSourcesBuildPhase;
			buildActionMask = 2147483647;
			files = (
				BF218BBF1F998004009A42B2 /* TableViewCell.m in Sources */,
				BF1786E21F9733B600FF54C5 /* ViewController.m in Sources */,
				BF1786ED1F9733B600FF54C5 /* main.m in Sources */,
				BF1786DF1F9733B600FF54C5 /* AppDelegate.m in Sources */,
				BF4A48E71F9875D7005377F1 /* ViewControllerThree.m in Sources */,
				BF4A48E41F9761D5005377F1 /* ItemViewControllerTwo.m in Sources */,
				BF218BC91F99DE3A009A42B2 /* TestXibViewController.m in Sources */,
				BF218BC41F9980AB009A42B2 /* Mode.m in Sources */,
				BF1786F71F9743EC00FF54C5 /* ViewControllerOne.m in Sources */,
			);
			runOnlyForDeploymentPostprocessing = 0;
		};
/* End PBXSourcesBuildPhase section */

/* Begin PBXVariantGroup section */
		BF1786E31F9733B600FF54C5 /* Main.storyboard */ = {
			isa = PBXVariantGroup;
			children = (
				BF1786E41F9733B600FF54C5 /* Base */,
			);
			name = Main.storyboard;
			sourceTree = "<group>";
		};
		BF1786E81F9733B600FF54C5 /* LaunchScreen.storyboard */ = {
			isa = PBXVariantGroup;
			children = (
				BF1786E91F9733B600FF54C5 /* Base */,
			);
			name = LaunchScreen.storyboard;
			sourceTree = "<group>";
		};
/* End PBXVariantGroup section */

/* Begin XCBuildConfiguration section */
		BF1786EE1F9733B600FF54C5 /* Debug */ = {
			isa = XCBuildConfiguration;
			buildSettings = {
				ALWAYS_SEARCH_USER_PATHS = NO;
				CLANG_ANALYZER_NONNULL = YES;
				CLANG_ANALYZER_NUMBER_OBJECT_CONVERSION = YES_AGGRESSIVE;
				CLANG_CXX_LANGUAGE_STANDARD = "gnu++14";
				CLANG_CXX_LIBRARY = "libc++";
				CLANG_ENABLE_MODULES = YES;
				CLANG_ENABLE_OBJC_ARC = YES;
				CLANG_WARN_BLOCK_CAPTURE_AUTORELEASING = YES;
				CLANG_WARN_BOOL_CONVERSION = YES;
				CLANG_WARN_COMMA = YES;
				CLANG_WARN_CONSTANT_CONVERSION = YES;
				CLANG_WARN_DIRECT_OBJC_ISA_USAGE = YES_ERROR;
				CLANG_WARN_DOCUMENTATION_COMMENTS = YES;
				CLANG_WARN_EMPTY_BODY = YES;
				CLANG_WARN_ENUM_CONVERSION = YES;
				CLANG_WARN_INFINITE_RECURSION = YES;
				CLANG_WARN_INT_CONVERSION = YES;
				CLANG_WARN_NON_LITERAL_NULL_CONVERSION = YES;
				CLANG_WARN_OBJC_LITERAL_CONVERSION = YES;
				CLANG_WARN_OBJC_ROOT_CLASS = YES_ERROR;
				CLANG_WARN_RANGE_LOOP_ANALYSIS = YES;
				CLANG_WARN_STRICT_PROTOTYPES = YES;
				CLANG_WARN_SUSPICIOUS_MOVE = YES;
				CLANG_WARN_UNGUARDED_AVAILABILITY = YES_AGGRESSIVE;
				CLANG_WARN_UNREACHABLE_CODE = YES;
				CLANG_WARN__DUPLICATE_METHOD_MATCH = YES;
				CODE_SIGN_IDENTITY = "iPhone Developer";
				COPY_PHASE_STRIP = NO;
				DEBUG_INFORMATION_FORMAT = dwarf;
				ENABLE_STRICT_OBJC_MSGSEND = YES;
				ENABLE_TESTABILITY = YES;
				GCC_C_LANGUAGE_STANDARD = gnu11;
				GCC_DYNAMIC_NO_PIC = NO;
				GCC_NO_COMMON_BLOCKS = YES;
				GCC_OPTIMIZATION_LEVEL = 0;
				GCC_PREPROCESSOR_DEFINITIONS = (
					"DEBUG=1",
					"$(inherited)",
				);
				GCC_WARN_64_TO_32_BIT_CONVERSION = YES;
				GCC_WARN_ABOUT_RETURN_TYPE = YES_ERROR;
				GCC_WARN_UNDECLARED_SELECTOR = YES;
				GCC_WARN_UNINITIALIZED_AUTOS = YES_AGGRESSIVE;
				GCC_WARN_UNUSED_FUNCTION = YES;
				GCC_WARN_UNUSED_VARIABLE = YES;
				IPHONEOS_DEPLOYMENT_TARGET = 11.0;
				MTL_ENABLE_DEBUG_INFO = YES;
				ONLY_ACTIVE_ARCH = YES;
				SDKROOT = iphoneos;
			};
			name = Debug;
		};
		BF1786EF1F9733B600FF54C5 /* Release */ = {
			isa = XCBuildConfiguration;
			buildSettings = {
				ALWAYS_SEARCH_USER_PATHS = NO;
				CLANG_ANALYZER_NONNULL = YES;
				CLANG_ANALYZER_NUMBER_OBJECT_CONVERSION = YES_AGGRESSIVE;
				CLANG_CXX_LANGUAGE_STANDARD = "gnu++14";
				CLANG_CXX_LIBRARY = "libc++";
				CLANG_ENABLE_MODULES = YES;
				CLANG_ENABLE_OBJC_ARC = YES;
				CLANG_WARN_BLOCK_CAPTURE_AUTORELEASING = YES;
				CLANG_WARN_BOOL_CONVERSION = YES;
				CLANG_WARN_COMMA = YES;
				CLANG_WARN_CONSTANT_CONVERSION = YES;
				CLANG_WARN_DIRECT_OBJC_ISA_USAGE = YES_ERROR;
				CLANG_WARN_DOCUMENTATION_COMMENTS = YES;
				CLANG_WARN_EMPTY_BODY = YES;
				CLANG_WARN_ENUM_CONVERSION = YES;
				CLANG_WARN_INFINITE_RECURSION = YES;
				CLANG_WARN_INT_CONVERSION = YES;
				CLANG_WARN_NON_LITERAL_NULL_CONVERSION = YES;
				CLANG_WARN_OBJC_LITERAL_CONVERSION = YES;
				CLANG_WARN_OBJC_ROOT_CLASS = YES_ERROR;
				CLANG_WARN_RANGE_LOOP_ANALYSIS = YES;
				CLANG_WARN_STRICT_PROTOTYPES = YES;
				CLANG_WARN_SUSPICIOUS_MOVE = YES;
				CLANG_WARN_UNGUARDED_AVAILABILITY = YES_AGGRESSIVE;
				CLANG_WARN_UNREACHABLE_CODE = YES;
				CLANG_WARN__DUPLICATE_METHOD_MATCH = YES;
				CODE_SIGN_IDENTITY = "iPhone Developer";
				COPY_PHASE_STRIP = NO;
				DEBUG_INFORMATION_FORMAT = "dwarf-with-dsym";
				ENABLE_NS_ASSERTIONS = NO;
				ENABLE_STRICT_OBJC_MSGSEND = YES;
				GCC_C_LANGUAGE_STANDARD = gnu11;
				GCC_NO_COMMON_BLOCKS = YES;
				GCC_WARN_64_TO_32_BIT_CONVERSION = YES;
				GCC_WARN_ABOUT_RETURN_TYPE = YES_ERROR;
				GCC_WARN_UNDECLARED_SELECTOR = YES;
				GCC_WARN_UNINITIALIZED_AUTOS = YES_AGGRESSIVE;
				GCC_WARN_UNUSED_FUNCTION = YES;
				GCC_WARN_UNUSED_VARIABLE = YES;
				IPHONEOS_DEPLOYMENT_TARGET = 11.0;
				MTL_ENABLE_DEBUG_INFO = NO;
				SDKROOT = iphoneos;
				VALIDATE_PRODUCT = YES;
			};
			name = Release;
		};
		BF1786F11F9733B600FF54C5 /* Debug */ = {
			isa = XCBuildConfiguration;
			buildSettings = {
				ASSETCATALOG_COMPILER_APPICON_NAME = AppIcon;
				ASSETCATALOG_COMPILER_LAUNCHIMAGE_NAME = LaunchImage;
				CODE_SIGN_STYLE = Automatic;
				DEVELOPMENT_TEAM = YPN9LTK8YN;
				INFOPLIST_FILE = iOS11AdaptDemo/Info.plist;
				IPHONEOS_DEPLOYMENT_TARGET = 9.0;
				LD_RUNPATH_SEARCH_PATHS = "$(inherited) @executable_path/Frameworks";
				PRODUCT_BUNDLE_IDENTIFIER = DeLongYang.iOS11AdaptDemo;
				PRODUCT_NAME = "$(TARGET_NAME)";
				TARGETED_DEVICE_FAMILY = 1;
			};
			name = Debug;
		};
		BF1786F21F9733B600FF54C5 /* Release */ = {
			isa = XCBuildConfiguration;
			buildSettings = {
				ASSETCATALOG_COMPILER_APPICON_NAME = AppIcon;
				ASSETCATALOG_COMPILER_LAUNCHIMAGE_NAME = LaunchImage;
				CODE_SIGN_STYLE = Automatic;
				DEVELOPMENT_TEAM = YPN9LTK8YN;
				INFOPLIST_FILE = iOS11AdaptDemo/Info.plist;
				IPHONEOS_DEPLOYMENT_TARGET = 9.0;
				LD_RUNPATH_SEARCH_PATHS = "$(inherited) @executable_path/Frameworks";
				PRODUCT_BUNDLE_IDENTIFIER = DeLongYang.iOS11AdaptDemo;
				PRODUCT_NAME = "$(TARGET_NAME)";
				TARGETED_DEVICE_FAMILY = 1;
			};
			name = Release;
		};
/* End XCBuildConfiguration section */

/* Begin XCConfigurationList section */
		BF1786D51F9733B500FF54C5 /* Build configuration list for PBXProject "iOS11AdaptDemo" */ = {
			isa = XCConfigurationList;
			buildConfigurations = (
				BF1786EE1F9733B600FF54C5 /* Debug */,
				BF1786EF1F9733B600FF54C5 /* Release */,
			);
			defaultConfigurationIsVisible = 0;
			defaultConfigurationName = Release;
		};
		BF1786F01F9733B600FF54C5 /* Build configuration list for PBXNativeTarget "iOS11AdaptDemo" */ = {
			isa = XCConfigurationList;
			buildConfigurations = (
				BF1786F11F9733B600FF54C5 /* Debug */,
				BF1786F21F9733B600FF54C5 /* Release */,
			);
			defaultConfigurationIsVisible = 0;
			defaultConfigurationName = Release;
		};
/* End XCConfigurationList section */
	};
	rootObject = BF1786D21F9733B500FF54C5 /* Project object */;
}
